
Microsoft Visual Studio Solution File, Format Version 12.00
# Visual Studio Version 17
VisualStudioVersion = 17.8.34330.188
MinimumVisualStudioVersion = 10.0.40219.1
Project("{FAE04EC0-301F-11D3-BF4B-00C04F79EFBC}") = "LeHoangAnh._2122110549", "LeHoangAnh._2122110549\LeHoangAnh._2122110549.csproj", "{0176407F-0D17-453C-A45D-A5DF2DAF3F46}"
EndProject
Global
	GlobalSection(SolutionConfigurationPlatforms) = preSolution
		Debug|Any CPU = Debug|Any CPU
		Release|Any CPU = Release|Any CPU
	EndGlobalSection
	GlobalSection(ProjectConfigurationPlatforms) = postSolution
		{0176407F-0D17-453C-A45D-A5DF2DAF3F46}.Debug|Any CPU.ActiveCfg = Debug|Any CPU
		{0176407F-0D17-453C-A45D-A5DF2DAF3F46}.Debug|Any CPU.Build.0 = Debug|Any CPU
		{0176407F-0D17-453C-A45D-A5DF2DAF3F46}.Release|Any CPU.ActiveCfg = Release|Any CPU
		{0176407F-0D17-453C-A45D-A5DF2DAF3F46}.Release|Any CPU.Build.0 = Release|Any CPU
	EndGlobalSection
	GlobalSection(SolutionProperties) = preSolution
		HideSolutionNode = FALSE
	EndGlobalSection
	GlobalSection(ExtensibilityGlobals) = postSolution
		SolutionGuid = {2499207B-475C-4878-A2FE-BCD6BABFF4EB}
	EndGlobalSection
EndGlobal
